lockfileVersion: '9.0'

settings:
  autoInstallPeers: true
  excludeLinksFromLockfile: false

importers:

  .:
    dependencies:
      '@openai/codex':
        specifier: 0.161.0
        version: 0.161.0

packages:

  '@openai/codex-darwin-arm64@0.161.0-darwin-arm64':
    resolution: {integrity: sha512-arxKLYB3uKjewwOpGFo5/MGe8+4JzNB17KIYBmGfF4k3QU+QC4ieXVUwqHmQX2nXrB1BzNMN0gtAgm1AGBTg8w==}
    engines: {node: '>=16'}
    cpu: [arm64]
    os: [darwin]
    aliasOf: '@openai/codex'

  '@openai/codex-darwin-x64@0.161.0-darwin-x64':
    resolution: {integrity: sha512-svVXwOisMkf/e9BD8Qyp0BQYOTsRnrYErfLq+o7aNMts8Evg06rRsHUfxH6HAiJ99dUgC/4CLr3Rpwh3833TfQ==}
    engines: {node: '>=16'}
    cpu: [x64]
    os: [darwin]
    aliasOf: '@openai/codex'

  '@openai/codex-linux-arm64@0.161.0-linux-arm64':
    resolution: {integrity: sha512-SBu0n4C1Pby9rGKUNA02yHEg/ScbECgiTIiKiKhbYWiUWqGPV1hY0Br7joEntbz0dyNzSWqNPD8uOqxcOry/Fg==}
    engines: {node: '>=16'}
    cpu: [arm64]
    os: [linux]
    aliasOf: '@openai/codex'

  '@openai/codex-linux-x64@0.161.0-linux-x64':
    resolution: {integrity: sha512-AVkNzeJWyCHHPyg5vxD8UE6aFsYaOwq0/x6mtmkOKy6LdjvsyxLr7Q7UULlk+Ma3+PnrN8uIxG2/XGPQ936hgA==}
    engines: {node: '>=16'}
    cpu: [x64]
    os: [linux]
    aliasOf: '@openai/codex'

  '@openai/codex-win32-arm64@0.161.0-win32-arm64':
    resolution: {integrity: sha512-tgo++ui5X5pXkaz113Q4/PNVviWXlvUdHH4zY+SoGwHm4720JsRPjuUJcUNZ9WtryEiw3Xpj5nKp8pgCXJUjYA==}
    engines: {node: '>=16'}
    cpu: [arm64]
    os: [win32]
    aliasOf: '@openai/codex'

  '@openai/codex-win32-x64@0.161.0-win32-x64':
    resolution: {integrity: sha512-VdNnttGOG3nbwoREvVurVBXci/EJD/kncVJnvtXjpEE+YhC1twvvrVNmtlZcZGEEVi06xLN/ov0d6nxjZ1XLSg==}
    engines: {node: '>=16'}
    cpu: [x64]
    os: [win32]
    aliasOf: '@openai/codex'

  '@openai/codex@0.161.0':
    resolution: {integrity: sha512-+ZnJFGBbQBwYnjUTs+PoacgYVxmNyxMLiadIz6eSJ0AzQW0mRVxuuOQizSbz2qeNAJia9Syxag6j2uGf7guD2Q==}
    engines: {node: '>=16'}
    hasBin: true

snapshots:

  '@openai/codex-darwin-arm64@0.161.0-darwin-arm64':
    optional: true

  '@openai/codex-darwin-x64@0.161.0-darwin-x64':
    optional: true

  '@openai/codex-linux-arm64@0.161.0-linux-arm64':
    optional: true

  '@openai/codex-linux-x64@0.161.0-linux-x64':
    optional: true

  '@openai/codex-win32-arm64@0.161.0-win32-arm64':
    optional: true

  '@openai/codex-win32-x64@0.161.0-win32-x64':
    optional: true

  '@openai/codex@0.161.0':
    optionalDependencies:
      '@openai/codex-darwin-arm64': 0.161.0-darwin-arm64
      '@openai/codex-darwin-x64': 0.161.0-darwin-x64
      '@openai/codex-linux-arm64': 0.161.0-linux-arm64
      '@openai/codex-linux-x64': 0.161.0-linux-x64
      '@openai/codex-win32-arm64': 0.161.0-win32-arm64
      '@openai/codex-win32-x64': 0.161.0-win32-x64
