lockfileVersion: '9.0'

settings:
  autoInstallPeers: true
  excludeLinksFromLockfile: false

importers:

  .:
    dependencies:
      '@nubjs/nub':
        specifier: 0.9.6
        version: 0.9.6

packages:

  '@nubjs/nub-darwin-arm64@0.9.6':
    resolution: {integrity: sha512-+4jBMdMUOZi77lGzHgnZMofKVE+NoXP0EAxo4wlhfuMLvu3H9yW0Fk+78FXUJluWtoElyY6tuv9lKLDHHyMASA==}
    cpu: [arm64]
    os: [darwin]

  '@nubjs/nub-darwin-x64@0.9.6':
    resolution: {integrity: sha512-5ZL7xRfRwHz14P+V5gXCVL9KRAEGk6UH9C72WsrzyGzYnJpT1r4cM7VRhTHHkYgUMorZUJQ0dFk9qZ07MozPCg==}
    cpu: [x64]
    os: [darwin]

  '@nubjs/nub-linux-arm64-musl@0.9.6':
    resolution: {integrity: sha512-uwuNjVjEaDf6tJb0My0K7/aeqzzGvDoIixitfPa77PzFz4rh8eKy7fb8IzrIeC/DcbPZIsaIELzPFGr99Ujf9A==}
    cpu: [arm64]
    os: [linux]
    libc: [musl]

  '@nubjs/nub-linux-arm64@0.9.6':
    resolution: {integrity: sha512-oaHfcn4IKG1vmUeSwUOmdYRz9k+6fem3IS/ZgjkQatsozo6OLs630ag+sVdn3L9+SLbqCQkm6G/GATQ7nR5cDg==}
    cpu: [arm64]
    os: [linux]
    libc: [glibc]

  '@nubjs/nub-linux-x64-musl@0.9.6':
    resolution: {integrity: sha512-fXIyH+SvQ4OH/Yac/jKjzO0rNx3lAClVWoGS250La3NKDdzN3O7JkSClr/RqEGJRhZ+iW+/7T2UITR6iQWJo0g==}
    cpu: [x64]
    os: [linux]
    libc: [musl]

  '@nubjs/nub-linux-x64@0.9.6':
    resolution: {integrity: sha512-mLdGFqoO+EZSZWXLrZ2jrt/YNBfTcRFzfFX3BXne1Ky+xXFlic/LOv/zGqZDNwSJQbQydvY5bjVFOut3zUxGIg==}
    cpu: [x64]
    os: [linux]
    libc: [glibc]

  '@nubjs/nub-win32-arm64@0.9.6':
    resolution: {integrity: sha512-D6nL4YsiXpwG7xDZGof4zY2CKHIj+cak3JbsfFebYMdk9uFpPi0eeJ7J+U0+hDJQCVpt+Z5SFRFU8I64MKIiYw==}
    cpu: [arm64]
    os: [win32]

  '@nubjs/nub-win32-x64@0.9.6':
    resolution: {integrity: sha512-wN2HoGZDTSVSoW9Q73wFIy3ybBgdStZyFR/vDgUgixZo8BnC3uwbpFVhZSrm39oIouiWpUEwDsMOXpTxqqbAuw==}
    cpu: [x64]
    os: [win32]

  '@nubjs/nub@0.9.6':
    resolution: {integrity: sha512-02KozYQNgOa/UMmT8AEcoAM5/vR8XDAS5m/deWstTg+oxmML01N2e7ahmvBiXY83a9HXa8LEiYhAbi4DqUJ3Ew==}
    engines: {node: '>=18.19.0'}
    hasBin: true

snapshots:

  '@nubjs/nub-darwin-arm64@0.9.6':
    optional: true

  '@nubjs/nub-darwin-x64@0.9.6':
    optional: true

  '@nubjs/nub-linux-arm64-musl@0.9.6':
    optional: true

  '@nubjs/nub-linux-arm64@0.9.6':
    optional: true

  '@nubjs/nub-linux-x64-musl@0.9.6':
    optional: true

  '@nubjs/nub-linux-x64@0.9.6':
    optional: true

  '@nubjs/nub-win32-arm64@0.9.6':
    optional: true

  '@nubjs/nub-win32-x64@0.9.6':
    optional: true

  '@nubjs/nub@0.9.6':
    optionalDependencies:
      '@nubjs/nub-darwin-arm64': 0.9.6
      '@nubjs/nub-darwin-x64': 0.9.6
      '@nubjs/nub-linux-arm64': 0.9.6
      '@nubjs/nub-linux-arm64-musl': 0.9.6
      '@nubjs/nub-linux-x64': 0.9.6
      '@nubjs/nub-linux-x64-musl': 0.9.6
      '@nubjs/nub-win32-arm64': 0.9.6
      '@nubjs/nub-win32-x64': 0.9.6
