# @generated - this file is auto-generated by `mise lock` https://mise.jdx.dev/dev-tools/mise-lock.html

lockfile_version = 2

[[tools."github:vercel-labs/fx"]]
version = "0.0.12"
backend = "github:vercel-labs/fx"
specifiers = ["latest"]

[tools."github:vercel-labs/fx"."platforms.linux-arm64"]
checksum = "sha256:7265ecebf881ec4050d24fa4fac660ed86dfd11395fcde47b491dc084be1e61e"
url = "https://github.com/vercel-labs/fx/releases/download/v0.0.12/fx-linux-aarch64.tar.gz"
url_api = "https://api.github.com/repos/vercel-labs/fx/releases/assets/600281497"

[[tools.node]]
version = "26.10.0"
backend = "core:node"
specifiers = ["latest"]

[tools.node."platforms.linux-arm64"]
checksum = "sha256:423a41bff8e2a2fa15e702fefe2919ef95823b2378744daccb8439302534b44f"
url = "https://nodejs.org/dist/v26.10.0/node-v26.10.0-linux-arm64.tar.gz"

[[tools.npm]]
version = "12.2.0"
aube = { path = "locks/mise.server/npm-npm/12.2.0", digest = "sha256:ce704ee0a99dacc7181715a5d854470a968908ad4eed463cf838cfba38b1f027" }
backend = "npm:npm"
specifiers = ["latest"]

[[tools."npm:oxfmt"]]
version = "0.71.0"
aube = { path = "locks/mise.server/npm-oxfmt/0.71.0", digest = "sha256:2b7bfb8c20b448ab9b5549e2e0a43049a897d50d995103408bbba2b0add2bcf0" }
backend = "npm:oxfmt"
specifiers = ["latest"]

[[tools."npm:oxlint"]]
version = "1.86.0"
aube = { path = "locks/mise.server/npm-oxlint/1.86.0", digest = "sha256:c8a39b595a1f17b68da832ab0c7f8556a4f7d46d4089b69fffe8b08559625f1e" }
backend = "npm:oxlint"
specifiers = ["latest"]

[[tools."npm:wrangler"]]
version = "4.147.0"
aube = { path = "locks/mise.server/npm-wrangler/4.147.0", digest = "sha256:612dfe6a8e4bb2cc36b49db99c23d781e5956749b2a3f3efd444d8505686faac" }
backend = "npm:wrangler"
specifiers = ["latest"]

[[tools.nub]]
version = "0.9.6"
aube = { path = "locks/mise.server/nub/0.9.6~f8dc702d", digest = "sha256:e62f06f62d14c03c3ad2aa252334a758b3cb323ab266bafa8e422e29bdb9b662" }
backend = "npm:@nubjs/nub"
specifiers = ["latest"]

[tools.nub.options]
allow_builds = '["@nubjs/nub"]'
