# @generated - this file is auto-generated by `mise lock` https://mise.jdx.dev/dev-tools/mise-lock.html

lockfile_version = 3

[[tools."npm:t3"]]
version = "nightly"
aube = { path = "locks/mise.linux/npm-t3/nightly", digest = "sha256:a4b5b3551ec88529558eb486d8471a386758745047bf1bc21a7f9d81e808f6ec" }
backend = "npm:t3"
specifiers = ["nightly"]
