# @generated - this file is auto-generated by `mise lock` https://mise.jdx.dev/dev-tools/mise-lock.html

lockfile_version = 2

[[tools."github:vercel-labs/fx"]]
version = "0.0.12"
backend = "github:vercel-labs/fx"
specifiers = ["latest"]

[tools."github:vercel-labs/fx"."platforms.macos-arm64"]
checksum = "sha256:c59dae590fd1244af5f02d3bfaf86a83f9d738e1f3dfb8d0bfab7ff15fb8ce20"
url = "https://github.com/vercel-labs/fx/releases/download/v0.0.12/fx-macos-aarch64.tar.gz"
url_api = "https://api.github.com/repos/vercel-labs/fx/releases/assets/600281498"

[[tools."llama.cpp"]]
version = "11371"
backend = "github:ggml-org/llama.cpp"
specifiers = ["latest"]

[tools."llama.cpp".options]
version_prefix = "b"

[tools."llama.cpp"."platforms.macos-arm64"]
checksum = "sha256:92d7743775964bfecd576db2a24c41fc58a34877bd3c36f6ccf7e8bd735a8c4c"
url = "https://github.com/ggml-org/llama.cpp/releases/download/b11371/llama-b11371-bin-macos-arm64.tar.gz"
url_api = "https://api.github.com/repos/ggml-org/llama.cpp/releases/assets/607459301"
provenance = "github-attestations"
