# @generated - this file is auto-generated by `mise lock` https://mise.jdx.dev/dev-tools/mise-lock.html

lockfile_version = 3

[[tools."npm:t3"]]
version = "nightly"
aube = { path = "locks/mise.linux/npm-t3/nightly", digest = "sha256:1cd22292397305d3a330c98dc428b3a897d24e4e204a23300d07dce7c82fd441" }
backend = "npm:t3"
specifiers = ["nightly"]
