# @generated - this file is auto-generated by `mise lock` https://mise.jdx.dev/dev-tools/mise-lock.html

lockfile_version = 3

[[tools."npm:t3"]]
version = "nightly"
aube = { path = "locks/mise.linux/npm-t3/nightly", digest = "sha256:9677180a9d21002bb26d04552acddaf6495a74a8213f76a9358c2b33451645ad" }
backend = "npm:t3"
specifiers = ["nightly"]
