# @generated - this file is auto-generated by `mise lock` https://mise.jdx.dev/dev-tools/mise-lock.html

lockfile_version = 2

[[tools."aqua:astral-sh/uv"]]
version = "0.12.22"
backend = "aqua:astral-sh/uv"
specifiers = ["latest"]

[tools."aqua:astral-sh/uv"."platforms.linux-x64"]
checksum = "sha256:b9980552309f09c15172b8be828555e375097f16deb459795ce7bfd200380f0b"
url = "https://github.com/astral-sh/uv/releases/download/0.12.22/uv-x86_64-unknown-linux-gnu.tar.gz"
url_api = "https://api.github.com/repos/astral-sh/uv/releases/assets/604418465"
provenance = "github-attestations"

[tools."aqua:astral-sh/uv"."platforms.linux-x64-baseline"]
checksum = "sha256:b9980552309f09c15172b8be828555e375097f16deb459795ce7bfd200380f0b"
url = "https://github.com/astral-sh/uv/releases/download/0.12.22/uv-x86_64-unknown-linux-gnu.tar.gz"
url_api = "https://api.github.com/repos/astral-sh/uv/releases/assets/604418465"
provenance = "github-attestations"

[tools."aqua:astral-sh/uv"."platforms.linux-x64-musl"]
checksum = "sha256:a50fd68c653b0cfb1c85e0a7db62cb78cf5c22b6f3dcf3ae173e5f222d084470"
url = "https://github.com/astral-sh/uv/releases/download/0.12.22/uv-x86_64-unknown-linux-musl.tar.gz"
url_api = "https://api.github.com/repos/astral-sh/uv/releases/assets/604418476"
provenance = "github-attestations"

[tools."aqua:astral-sh/uv"."platforms.linux-x64-musl-baseline"]
checksum = "sha256:a50fd68c653b0cfb1c85e0a7db62cb78cf5c22b6f3dcf3ae173e5f222d084470"
url = "https://github.com/astral-sh/uv/releases/download/0.12.22/uv-x86_64-unknown-linux-musl.tar.gz"
url_api = "https://api.github.com/repos/astral-sh/uv/releases/assets/604418476"
provenance = "github-attestations"

[tools."aqua:astral-sh/uv"."platforms.macos-arm64"]
checksum = "sha256:5d714de09501a59393ceca78f4bc232a50478729640d251907160299b2a93ddd"
url = "https://github.com/astral-sh/uv/releases/download/0.12.22/uv-aarch64-apple-darwin.tar.gz"
url_api = "https://api.github.com/repos/astral-sh/uv/releases/assets/604418308"
provenance = "github-attestations"

[[tools."aqua:boyter/scc"]]
version = "4.1.0"
backend = "aqua:boyter/scc"
specifiers = ["latest"]

[tools."aqua:boyter/scc"."platforms.linux-x64"]
checksum = "sha256:c7328436d3027f4357d3d7853f7dc3ac2bbcb4ca08f1adad91a27c593884079b"
url = "https://github.com/boyter/scc/releases/download/v4.1.0/scc_Linux_x86_64.tar.gz"
url_api = "https://api.github.com/repos/boyter/scc/releases/assets/549478876"

[tools."aqua:boyter/scc"."platforms.linux-x64-baseline"]
checksum = "sha256:c7328436d3027f4357d3d7853f7dc3ac2bbcb4ca08f1adad91a27c593884079b"
url = "https://github.com/boyter/scc/releases/download/v4.1.0/scc_Linux_x86_64.tar.gz"
url_api = "https://api.github.com/repos/boyter/scc/releases/assets/549478876"

[tools."aqua:boyter/scc"."platforms.linux-x64-musl"]
checksum = "sha256:c7328436d3027f4357d3d7853f7dc3ac2bbcb4ca08f1adad91a27c593884079b"
url = "https://github.com/boyter/scc/releases/download/v4.1.0/scc_Linux_x86_64.tar.gz"
url_api = "https://api.github.com/repos/boyter/scc/releases/assets/549478876"

[tools."aqua:boyter/scc"."platforms.linux-x64-musl-baseline"]
checksum = "sha256:c7328436d3027f4357d3d7853f7dc3ac2bbcb4ca08f1adad91a27c593884079b"
url = "https://github.com/boyter/scc/releases/download/v4.1.0/scc_Linux_x86_64.tar.gz"
url_api = "https://api.github.com/repos/boyter/scc/releases/assets/549478876"

[tools."aqua:boyter/scc"."platforms.macos-arm64"]
checksum = "sha256:7201c7aa4aace058d43308462cba72adb18f6094c08c0741727455976d0a0747"
url = "https://github.com/boyter/scc/releases/download/v4.1.0/scc_Darwin_arm64.tar.gz"
url_api = "https://api.github.com/repos/boyter/scc/releases/assets/549478883"

[[tools.bun]]
version = "1.4.2"
backend = "core:bun"
specifiers = ["latest"]

[tools.bun."platforms.linux-x64"]
checksum = "sha256:36368faef7527875d5ffa52e53cd48021741f2a83eb6208a8dd64068d422a913"
url = "https://github.com/oven-sh/bun/releases/download/bun-v1.4.2/bun-linux-x64.zip"

[tools.bun."platforms.linux-x64-baseline"]
checksum = "sha256:c678040f14fe0440eb839d37cbd0ce4c051a32da72806ac97de6a6aab6bf728f"
url = "https://github.com/oven-sh/bun/releases/download/bun-v1.4.2/bun-linux-x64-baseline.zip"

[tools.bun."platforms.linux-x64-musl"]
checksum = "sha256:4835eca59d6da70f4674f5642f6e459dcadab773695b2ed9922d131057989742"
url = "https://github.com/oven-sh/bun/releases/download/bun-v1.4.2/bun-linux-x64-musl.zip"

[tools.bun."platforms.linux-x64-musl-baseline"]
checksum = "sha256:76e1db84e98f22f78de0a87e309bfbbf297732847f9720db36750646c85c8c18"
url = "https://github.com/oven-sh/bun/releases/download/bun-v1.4.2/bun-linux-x64-musl-baseline.zip"

[tools.bun."platforms.macos-arm64"]
checksum = "sha256:90987a3a16d7db556d886ac3d551e7b6d3edf0a1cf43acaed622e8676be1d12f"
url = "https://github.com/oven-sh/bun/releases/download/bun-v1.4.2/bun-darwin-aarch64.zip"

[[tools.claude]]
version = "2.1.292"
backend = "aqua:anthropics/claude-code"
specifiers = ["latest"]

[tools.claude."platforms.linux-x64"]
checksum = "sha256:7045cd790b2c7b8cc6169d061aec7274d37a6a0d8ed318a6ff8868262433b1f9"
url = "https://github.com/anthropics/claude-code/releases/download/v2.1.292/claude-linux-x64.tar.gz"
url_api = "https://api.github.com/repos/anthropics/claude-code/releases/assets/616117246"

[tools.claude."platforms.linux-x64-baseline"]
checksum = "sha256:7045cd790b2c7b8cc6169d061aec7274d37a6a0d8ed318a6ff8868262433b1f9"
url = "https://github.com/anthropics/claude-code/releases/download/v2.1.292/claude-linux-x64.tar.gz"
url_api = "https://api.github.com/repos/anthropics/claude-code/releases/assets/616117246"

[tools.claude."platforms.linux-x64-musl"]
checksum = "sha256:363a98b0856dc5c5404a64bb17ef94d41650883c8bf3a94033ee48afdeaef2f1"
url = "https://github.com/anthropics/claude-code/releases/download/v2.1.292/claude-linux-x64-musl.tar.gz"
url_api = "https://api.github.com/repos/anthropics/claude-code/releases/assets/616117002"

[tools.claude."platforms.linux-x64-musl-baseline"]
checksum = "sha256:363a98b0856dc5c5404a64bb17ef94d41650883c8bf3a94033ee48afdeaef2f1"
url = "https://github.com/anthropics/claude-code/releases/download/v2.1.292/claude-linux-x64-musl.tar.gz"
url_api = "https://api.github.com/repos/anthropics/claude-code/releases/assets/616117002"

[tools.claude."platforms.macos-arm64"]
checksum = "sha256:7a7dcc508696a2093dfc690398b86217f12b07809b7bd534c2fde4f417881556"
url = "https://github.com/anthropics/claude-code/releases/download/v2.1.292/claude-darwin-arm64.tar.gz"
url_api = "https://api.github.com/repos/anthropics/claude-code/releases/assets/616117003"

[[tools.herdr]]
version = "0.9.3"
backend = "aqua:herdrdev/herdr"
specifiers = ["latest"]

[tools.herdr."platforms.linux-x64"]
checksum = "sha256:18a8dc65f1c2fa485884344356dea1cfd911c6f06cf46fa78e193f4087f4dba7"
url = "https://github.com/herdrdev/herdr/releases/download/v0.9.3/herdr-linux-x86_64"
url_api = "https://api.github.com/repos/herdrdev/herdr/releases/assets/599036383"

[tools.herdr."platforms.linux-x64-baseline"]
checksum = "sha256:18a8dc65f1c2fa485884344356dea1cfd911c6f06cf46fa78e193f4087f4dba7"
url = "https://github.com/herdrdev/herdr/releases/download/v0.9.3/herdr-linux-x86_64"
url_api = "https://api.github.com/repos/herdrdev/herdr/releases/assets/599036383"

[tools.herdr."platforms.linux-x64-musl"]
checksum = "sha256:18a8dc65f1c2fa485884344356dea1cfd911c6f06cf46fa78e193f4087f4dba7"
url = "https://github.com/herdrdev/herdr/releases/download/v0.9.3/herdr-linux-x86_64"
url_api = "https://api.github.com/repos/herdrdev/herdr/releases/assets/599036383"

[tools.herdr."platforms.linux-x64-musl-baseline"]
checksum = "sha256:18a8dc65f1c2fa485884344356dea1cfd911c6f06cf46fa78e193f4087f4dba7"
url = "https://github.com/herdrdev/herdr/releases/download/v0.9.3/herdr-linux-x86_64"
url_api = "https://api.github.com/repos/herdrdev/herdr/releases/assets/599036383"

[tools.herdr."platforms.macos-arm64"]
checksum = "sha256:5173a3e0ae42d5d1ab7ebfa5d5e6329f7c3d23f8e1a3677c7ce3231da2884157"
url = "https://github.com/herdrdev/herdr/releases/download/v0.9.3/herdr-macos-aarch64"
url_api = "https://api.github.com/repos/herdrdev/herdr/releases/assets/599036381"

[[tools.node]]
version = "26.10.0"
backend = "core:node"
specifiers = ["latest"]

[tools.node."platforms.linux-x64"]
checksum = "sha256:cb5c9ce9c80d7b8821e3a258543c71b939138cf17c74d5cc44bbe85d6dbc5ad8"
url = "https://nodejs.org/dist/v26.10.0/node-v26.10.0-linux-x64.tar.gz"

[tools.node."platforms.linux-x64-baseline"]
checksum = "sha256:cb5c9ce9c80d7b8821e3a258543c71b939138cf17c74d5cc44bbe85d6dbc5ad8"
url = "https://nodejs.org/dist/v26.10.0/node-v26.10.0-linux-x64.tar.gz"

[tools.node."platforms.linux-x64-musl"]
checksum = "sha256:e42da94821b9422eb76bf5aaf4de0977e04ba320b8aff6148d895a94b08ee223"
url = "https://unofficial-builds.nodejs.org/download/release/v26.10.0/node-v26.10.0-linux-x64-musl.tar.gz"

[tools.node."platforms.linux-x64-musl-baseline"]
checksum = "sha256:e42da94821b9422eb76bf5aaf4de0977e04ba320b8aff6148d895a94b08ee223"
url = "https://unofficial-builds.nodejs.org/download/release/v26.10.0/node-v26.10.0-linux-x64-musl.tar.gz"

[tools.node."platforms.macos-arm64"]
checksum = "sha256:751fdf7439f115d87ee2a8f3f18c065b6151852068e3e666ac60ac2996f75ac9"
url = "https://nodejs.org/dist/v26.10.0/node-v26.10.0-darwin-arm64.tar.gz"

[[tools.npm]]
version = "12.2.0"
aube = { path = "locks/mise.dev/npm-npm/12.2.0", digest = "sha256:ce704ee0a99dacc7181715a5d854470a968908ad4eed463cf838cfba38b1f027" }
backend = "npm:npm"
specifiers = ["latest"]

[[tools."npm:@openai/codex"]]
version = "0.160.1"
aube = { path = "locks/mise.dev/npm-openai-codex/0.160.1", digest = "sha256:32cfd4e1c4bf76d05e5f1be482fdff648d13e05d1638c1a1fd255fc826758714" }
backend = "npm:@openai/codex"
specifiers = ["latest"]

[[tools."npm:oxfmt"]]
version = "0.71.0"
aube = { path = "locks/mise.dev/npm-oxfmt/0.71.0", digest = "sha256:2b7bfb8c20b448ab9b5549e2e0a43049a897d50d995103408bbba2b0add2bcf0" }
backend = "npm:oxfmt"
specifiers = ["latest"]

[[tools."npm:oxlint"]]
version = "1.86.0"
aube = { path = "locks/mise.dev/npm-oxlint/1.86.0", digest = "sha256:c8a39b595a1f17b68da832ab0c7f8556a4f7d46d4089b69fffe8b08559625f1e" }
backend = "npm:oxlint"
specifiers = ["latest"]

[[tools."npm:skills"]]
version = "1.7.0"
aube = { path = "locks/mise.dev/npm-skills/1.7.0", digest = "sha256:5e1165c56e5de749970266d1a30e7fc0c22a36480eab6c505c7d6748076654bc" }
backend = "npm:skills"
specifiers = ["latest"]

[[tools."npm:wrangler"]]
version = "4.147.0"
aube = { path = "locks/mise.dev/npm-wrangler/4.147.0", digest = "sha256:612dfe6a8e4bb2cc36b49db99c23d781e5956749b2a3f3efd444d8505686faac" }
backend = "npm:wrangler"
specifiers = ["latest"]

[[tools.nub]]
version = "0.9.6"
aube = { path = "locks/mise.dev/nub/0.9.6~f8dc702d", digest = "sha256:e62f06f62d14c03c3ad2aa252334a758b3cb323ab266bafa8e422e29bdb9b662" }
backend = "npm:@nubjs/nub"
specifiers = ["latest"]

[tools.nub.options]
allow_builds = '["@nubjs/nub"]'

[[tools.ruff]]
version = "0.16.10"
backend = "aqua:astral-sh/ruff"
specifiers = ["latest"]

[tools.ruff."platforms.linux-x64"]
checksum = "sha256:9567ff1201e2fb3da31ff04c35587d768c66d6cb42dfa84de474e2bfe360b608"
url = "https://github.com/astral-sh/ruff/releases/download/0.16.10/ruff-x86_64-unknown-linux-gnu.tar.gz"
url_api = "https://api.github.com/repos/astral-sh/ruff/releases/assets/603827060"
provenance = "github-attestations"

[tools.ruff."platforms.linux-x64-baseline"]
checksum = "sha256:9567ff1201e2fb3da31ff04c35587d768c66d6cb42dfa84de474e2bfe360b608"
url = "https://github.com/astral-sh/ruff/releases/download/0.16.10/ruff-x86_64-unknown-linux-gnu.tar.gz"
url_api = "https://api.github.com/repos/astral-sh/ruff/releases/assets/603827060"
provenance = "github-attestations"

[tools.ruff."platforms.linux-x64-musl"]
checksum = "sha256:ad1b2138407a0c53b936524df99d87211333f7bc40478d6860f42994597f7ff0"
url = "https://github.com/astral-sh/ruff/releases/download/0.16.10/ruff-x86_64-unknown-linux-musl.tar.gz"
url_api = "https://api.github.com/repos/astral-sh/ruff/releases/assets/603827079"
provenance = "github-attestations"

[tools.ruff."platforms.linux-x64-musl-baseline"]
checksum = "sha256:ad1b2138407a0c53b936524df99d87211333f7bc40478d6860f42994597f7ff0"
url = "https://github.com/astral-sh/ruff/releases/download/0.16.10/ruff-x86_64-unknown-linux-musl.tar.gz"
url_api = "https://api.github.com/repos/astral-sh/ruff/releases/assets/603827079"
provenance = "github-attestations"

[tools.ruff."platforms.macos-arm64"]
checksum = "sha256:f051cd306de2691262a0574f8857cd1f4d6bfcd448084ea23d61b9c1c37df510"
url = "https://github.com/astral-sh/ruff/releases/download/0.16.10/ruff-aarch64-apple-darwin.tar.gz"
url_api = "https://api.github.com/repos/astral-sh/ruff/releases/assets/603826852"
provenance = "github-attestations"

[[tools.ty]]
version = "0.0.84"
backend = "aqua:astral-sh/ty"
specifiers = ["latest"]

[tools.ty."platforms.linux-x64"]
checksum = "sha256:336bb36b7e917d844b8b16925d373b4614b326e452c881ff4ed6bc5904b65185"
url = "https://github.com/astral-sh/ty/releases/download/0.0.84/ty-x86_64-unknown-linux-gnu.tar.gz"
url_api = "https://api.github.com/repos/astral-sh/ty/releases/assets/585999537"
provenance = "github-attestations"

[tools.ty."platforms.linux-x64-baseline"]
checksum = "sha256:336bb36b7e917d844b8b16925d373b4614b326e452c881ff4ed6bc5904b65185"
url = "https://github.com/astral-sh/ty/releases/download/0.0.84/ty-x86_64-unknown-linux-gnu.tar.gz"
url_api = "https://api.github.com/repos/astral-sh/ty/releases/assets/585999537"
provenance = "github-attestations"

[tools.ty."platforms.linux-x64-musl"]
checksum = "sha256:da32bd4cbfe124f1df974e78cc163037c5d4b12ceec532b7ed785b5b74a76cd1"
url = "https://github.com/astral-sh/ty/releases/download/0.0.84/ty-x86_64-unknown-linux-musl.tar.gz"
url_api = "https://api.github.com/repos/astral-sh/ty/releases/assets/585999548"
provenance = "github-attestations"

[tools.ty."platforms.linux-x64-musl-baseline"]
checksum = "sha256:da32bd4cbfe124f1df974e78cc163037c5d4b12ceec532b7ed785b5b74a76cd1"
url = "https://github.com/astral-sh/ty/releases/download/0.0.84/ty-x86_64-unknown-linux-musl.tar.gz"
url_api = "https://api.github.com/repos/astral-sh/ty/releases/assets/585999548"
provenance = "github-attestations"

[tools.ty."platforms.macos-arm64"]
checksum = "sha256:c65c09f27bcef726c0b043dcee8d0f1e578bd1936799e5bc447235cbc3e19d91"
url = "https://github.com/astral-sh/ty/releases/download/0.0.84/ty-aarch64-apple-darwin.tar.gz"
url_api = "https://api.github.com/repos/astral-sh/ty/releases/assets/585999334"
provenance = "github-attestations"

[[tools.worktrunk]]
version = "0.80.0"
backend = "aqua:max-sixty/worktrunk"
specifiers = ["latest"]

[tools.worktrunk."platforms.linux-x64"]
checksum = "sha256:532ce3ed5eecb1be274c925b5887f61671e2434a4ca2561b9a8ac9379dbba199"
url = "https://github.com/max-sixty/worktrunk/releases/download/v0.80.0/worktrunk-x86_64-unknown-linux-musl.tar.xz"
url_api = "https://api.github.com/repos/max-sixty/worktrunk/releases/assets/593794384"

[tools.worktrunk."platforms.linux-x64-baseline"]
checksum = "sha256:532ce3ed5eecb1be274c925b5887f61671e2434a4ca2561b9a8ac9379dbba199"
url = "https://github.com/max-sixty/worktrunk/releases/download/v0.80.0/worktrunk-x86_64-unknown-linux-musl.tar.xz"
url_api = "https://api.github.com/repos/max-sixty/worktrunk/releases/assets/593794384"

[tools.worktrunk."platforms.linux-x64-musl"]
checksum = "sha256:532ce3ed5eecb1be274c925b5887f61671e2434a4ca2561b9a8ac9379dbba199"
url = "https://github.com/max-sixty/worktrunk/releases/download/v0.80.0/worktrunk-x86_64-unknown-linux-musl.tar.xz"
url_api = "https://api.github.com/repos/max-sixty/worktrunk/releases/assets/593794384"

[tools.worktrunk."platforms.linux-x64-musl-baseline"]
checksum = "sha256:532ce3ed5eecb1be274c925b5887f61671e2434a4ca2561b9a8ac9379dbba199"
url = "https://github.com/max-sixty/worktrunk/releases/download/v0.80.0/worktrunk-x86_64-unknown-linux-musl.tar.xz"
url_api = "https://api.github.com/repos/max-sixty/worktrunk/releases/assets/593794384"

[tools.worktrunk."platforms.macos-arm64"]
checksum = "sha256:8a2bb053c4bc80dea7d9ce6c221ff038d10a3d2dca2dc8f60d1b1a094fa783a9"
url = "https://github.com/max-sixty/worktrunk/releases/download/v0.80.0/worktrunk-aarch64-apple-darwin.tar.xz"
url_api = "https://api.github.com/repos/max-sixty/worktrunk/releases/assets/593794347"

[[tools.zig]]
version = "0.16.0"
backend = "core:zig"
specifiers = ["0.16"]

[tools.zig."platforms.linux-x64"]
checksum = "sha256:70e49664a74374b48b51e6f3fdfbf437f6395d42509050588bd49abe52ba3d00"
url = "https://ziglang.org/download/0.16.0/zig-x86_64-linux-0.16.0.tar.xz"

[tools.zig."platforms.linux-x64-baseline"]
checksum = "sha256:70e49664a74374b48b51e6f3fdfbf437f6395d42509050588bd49abe52ba3d00"
url = "https://ziglang.org/download/0.16.0/zig-x86_64-linux-0.16.0.tar.xz"

[tools.zig."platforms.linux-x64-musl"]
checksum = "sha256:70e49664a74374b48b51e6f3fdfbf437f6395d42509050588bd49abe52ba3d00"
url = "https://ziglang.org/download/0.16.0/zig-x86_64-linux-0.16.0.tar.xz"

[tools.zig."platforms.linux-x64-musl-baseline"]
checksum = "sha256:70e49664a74374b48b51e6f3fdfbf437f6395d42509050588bd49abe52ba3d00"
url = "https://ziglang.org/download/0.16.0/zig-x86_64-linux-0.16.0.tar.xz"

[tools.zig."platforms.macos-arm64"]
checksum = "sha256:b23d70deaa879b5c2d486ed3316f7eaa53e84acf6fc9cc747de152450d401489"
url = "https://ziglang.org/download/0.16.0/zig-aarch64-macos-0.16.0.tar.xz"

[[tools.zls]]
version = "0.16.0"
backend = "aqua:zigtools/zls"
specifiers = [
    "0.16",
    "latest",
]

[tools.zls."platforms.linux-x64"]
checksum = "sha256:ded6d562a0b86ee878b1ddf70ffab2797ce3cdca3b02d6077548f9d56dff96b6"
url = "https://builds.zigtools.org/zls-x86_64-linux-0.16.0.tar.xz"
provenance = "minisign"

[tools.zls."platforms.linux-x64-baseline"]
checksum = "sha256:ded6d562a0b86ee878b1ddf70ffab2797ce3cdca3b02d6077548f9d56dff96b6"
url = "https://builds.zigtools.org/zls-x86_64-linux-0.16.0.tar.xz"
provenance = "minisign"

[tools.zls."platforms.linux-x64-musl"]
checksum = "sha256:ded6d562a0b86ee878b1ddf70ffab2797ce3cdca3b02d6077548f9d56dff96b6"
url = "https://builds.zigtools.org/zls-x86_64-linux-0.16.0.tar.xz"
provenance = "minisign"

[tools.zls."platforms.linux-x64-musl-baseline"]
checksum = "sha256:ded6d562a0b86ee878b1ddf70ffab2797ce3cdca3b02d6077548f9d56dff96b6"
url = "https://builds.zigtools.org/zls-x86_64-linux-0.16.0.tar.xz"
provenance = "minisign"

[tools.zls."platforms.macos-arm64"]
checksum = "sha256:b93ec549f8558a7e85984a840e9276d274f1059b54ade4254296ef4982958359"
url = "https://builds.zigtools.org/zls-aarch64-macos-0.16.0.tar.xz"
provenance = "minisign"
