# @generated - this file is auto-generated by `mise lock` https://mise.jdx.dev/dev-tools/mise-lock.html

lockfile_version = 2

[[tools."npm:@earendil-works/pi-coding-agent"]]
version = "1.0.2"
aube = { path = "locks/mise.pi/npm-earendil-works-pi-coding-agent/1.0.2", digest = "sha256:0fe71a05c7b1e4c1fefdf85271ce3d7e9acf236ed0766a2b0c5809e6819f163c" }
backend = "npm:@earendil-works/pi-coding-agent"
specifiers = ["latest"]
