lockfileVersion: '9.0'

settings:
  autoInstallPeers: true
  excludeLinksFromLockfile: false

importers:

  .:
    dependencies:
      '@openai/codex':
        specifier: 0.162.0
        version: 0.162.0

packages:

  '@openai/codex-darwin-arm64@0.162.0-darwin-arm64':
    resolution: {integrity: sha512-hyiGlMCbZog7IY2TcSWzXbsmtUnynT93QA4utqGlVmFlmz8TurADk3LV28zqUIdgh9GLOzumDIdHQbYieo9Nqw==}
    engines: {node: '>=16'}
    cpu: [arm64]
    os: [darwin]
    aliasOf: '@openai/codex'

  '@openai/codex-darwin-x64@0.162.0-darwin-x64':
    resolution: {integrity: sha512-4XzCUJgEDDdme6VWDEKvbWDA6f+470d4xhhorYUgNBZwY8Dq5NYqvWkO33rnc1vjxkqSj+SwkymHxRMxL6h1CA==}
    engines: {node: '>=16'}
    cpu: [x64]
    os: [darwin]
    aliasOf: '@openai/codex'

  '@openai/codex-linux-arm64@0.162.0-linux-arm64':
    resolution: {integrity: sha512-6NYWwy09FsZ+/0Dz/bvV/yz3aFhkNzj86fSiux9Ax9VMBOID5nPdwd51OySm7fy8TMRud4fgJFELSi3Enc1s7Q==}
    engines: {node: '>=16'}
    cpu: [arm64]
    os: [linux]
    aliasOf: '@openai/codex'

  '@openai/codex-linux-x64@0.162.0-linux-x64':
    resolution: {integrity: sha512-qHWp6oKpf456PqjberGN8avs8zChv2oS+UuDiqVFYAuDOhq6vBc1drh8jEsnR7dBX+zcw03PN5VLtePGlMcC3w==}
    engines: {node: '>=16'}
    cpu: [x64]
    os: [linux]
    aliasOf: '@openai/codex'

  '@openai/codex-win32-arm64@0.162.0-win32-arm64':
    resolution: {integrity: sha512-scdBHlUz4AfLOUWT4r4kwe3GFvjbBbWxreLDGoLSyMFf566e7sHSJvlJuV7uha2S7uRoQnMmWwmqYMJuT322UQ==}
    engines: {node: '>=16'}
    cpu: [arm64]
    os: [win32]
    aliasOf: '@openai/codex'

  '@openai/codex-win32-x64@0.162.0-win32-x64':
    resolution: {integrity: sha512-W8kqHaqpW0qPz71E0rRT5dq+socGz1BbJyYN7o3SP1TWQt8Zl6ML74R9Hvt/xn1NNLVlDTRfXqNmaMkte6yEMQ==}
    engines: {node: '>=16'}
    cpu: [x64]
    os: [win32]
    aliasOf: '@openai/codex'

  '@openai/codex@0.162.0':
    resolution: {integrity: sha512-qWWckMfknyVym1lD5y2rTwPJA2sgHkzePF2l/Uevss4hVpqbt23rMIHKNTrqECdnv82denylHWEzrAmDnCYNIw==}
    engines: {node: '>=16'}
    hasBin: true

snapshots:

  '@openai/codex-darwin-arm64@0.162.0-darwin-arm64':
    optional: true

  '@openai/codex-darwin-x64@0.162.0-darwin-x64':
    optional: true

  '@openai/codex-linux-arm64@0.162.0-linux-arm64':
    optional: true

  '@openai/codex-linux-x64@0.162.0-linux-x64':
    optional: true

  '@openai/codex-win32-arm64@0.162.0-win32-arm64':
    optional: true

  '@openai/codex-win32-x64@0.162.0-win32-x64':
    optional: true

  '@openai/codex@0.162.0':
    optionalDependencies:
      '@openai/codex-darwin-arm64': 0.162.0-darwin-arm64
      '@openai/codex-darwin-x64': 0.162.0-darwin-x64
      '@openai/codex-linux-arm64': 0.162.0-linux-arm64
      '@openai/codex-linux-x64': 0.162.0-linux-x64
      '@openai/codex-win32-arm64': 0.162.0-win32-arm64
      '@openai/codex-win32-x64': 0.162.0-win32-x64
