lockfileVersion: '9.0'

settings:
  autoInstallPeers: true
  excludeLinksFromLockfile: false

importers:

  .:
    dependencies:
      t3:
        specifier: nightly
        version: 0.0.46-nightly.20261007.2774

packages:

  '@t3code/t3-darwin-arm64@0.0.46-nightly.20261007.2774':
    resolution: {integrity: sha512-VlbVEiDzXC58I02K/qKJfn+rdJCTA3ro1B+9CQrMm3IUvqiyBh9pMCil8SXZUpifU+/9tPF1tj11l2osEBIQfA==}
    cpu: [arm64]
    os: [darwin]

  '@t3code/t3-linux-arm64@0.0.46-nightly.20261007.2774':
    resolution: {integrity: sha512-HnR+YE5M5Dx+WfThr2XghIkAgJh890v2ukwQCYkFUoIsb+sDfEi6kf29+TdH+0VMCLr/ZrUdPoBUNZmmj0DbhQ==}
    cpu: [arm64]
    os: [linux]

  '@t3code/t3-linux-x64@0.0.46-nightly.20261007.2774':
    resolution: {integrity: sha512-miDewfWR5tcUwcwbXXHvmgMjVGhMfka6svgX6znDDjeJV301zwQsMXRQVPfONLRfCRYGV6OV7CeQKIhtS2EjjQ==}
    cpu: [x64]
    os: [linux]

  '@t3code/t3-win32-arm64@0.0.46-nightly.20261007.2774':
    resolution: {integrity: sha512-sbakuYV7ezHntRdzMTmx6zOibOwsKoqfvrutHhmD2rPVK1Uqa1mOf9Za5y+lTKguKpvjQRFvhKb3HPqf3N8OLg==}
    cpu: [arm64]
    os: [win32]

  '@t3code/t3-win32-x64@0.0.46-nightly.20261007.2774':
    resolution: {integrity: sha512-DUxO07PXDGeip9EVGzNzM0+jT1KHbhKer2Ynwe+4a7zB/kzdiQcYeovp5lG1gFNjwEr+vTvXaLQhTF68fh9bZQ==}
    cpu: [x64]
    os: [win32]

  t3@0.0.46-nightly.20261007.2774:
    resolution: {integrity: sha512-/o5eG4JFd5QzcSLcY6tA42TjlkucF3LbRiljcO3AIvnQqvAeKLzhI+uzVrk84oGBItU9Aaa1cHu2O7RbJ3XfDA==}
    hasBin: true

snapshots:

  '@t3code/t3-darwin-arm64@0.0.46-nightly.20261007.2774':
    optional: true
    bundledDependencies:
      - '@bufbuild/protobuf'
      - '@connectrpc/connect'
      - '@connectrpc/connect-web'
      - '@cursor/sdk'
      - '@cursor/sdk-darwin-arm64'
      - '@ff-labs/fff-bin-darwin-arm64'
      - '@ff-labs/fff-node'
      - '@napi-rs/keyring'
      - '@napi-rs/keyring-darwin-arm64'
      - '@statsig/client-core'
      - '@statsig/js-client'
      - '@yuuang/ffi-rs-darwin-arm64'
      - ffi-rs
      - node-addon-api
      - node-pty
      - playwright-core
      - zod

  '@t3code/t3-linux-arm64@0.0.46-nightly.20261007.2774':
    optional: true
    bundledDependencies:
      - '@bufbuild/protobuf'
      - '@connectrpc/connect'
      - '@connectrpc/connect-web'
      - '@cursor/sdk'
      - '@cursor/sdk-linux-arm64'
      - '@ff-labs/fff-bin-linux-arm64-gnu'
      - '@ff-labs/fff-bin-linux-arm64-musl'
      - '@ff-labs/fff-node'
      - '@napi-rs/keyring'
      - '@napi-rs/keyring-linux-arm64-gnu'
      - '@statsig/client-core'
      - '@statsig/js-client'
      - '@yuuang/ffi-rs-linux-arm64-gnu'
      - ffi-rs
      - node-addon-api
      - node-pty
      - playwright-core
      - zod

  '@t3code/t3-linux-x64@0.0.46-nightly.20261007.2774':
    optional: true
    bundledDependencies:
      - '@bufbuild/protobuf'
      - '@connectrpc/connect'
      - '@connectrpc/connect-web'
      - '@cursor/sdk'
      - '@cursor/sdk-linux-x64'
      - '@ff-labs/fff-bin-linux-x64-gnu'
      - '@ff-labs/fff-bin-linux-x64-musl'
      - '@ff-labs/fff-node'
      - '@napi-rs/keyring'
      - '@napi-rs/keyring-linux-x64-gnu'
      - '@statsig/client-core'
      - '@statsig/js-client'
      - '@yuuang/ffi-rs-linux-x64-gnu'
      - ffi-rs
      - node-addon-api
      - node-pty
      - playwright-core
      - zod

  '@t3code/t3-win32-arm64@0.0.46-nightly.20261007.2774':
    optional: true
    bundledDependencies:
      - '@bufbuild/protobuf'
      - '@connectrpc/connect'
      - '@connectrpc/connect-web'
      - '@cursor/sdk'
      - '@ff-labs/fff-bin-win32-arm64'
      - '@ff-labs/fff-node'
      - '@napi-rs/keyring'
      - '@napi-rs/keyring-win32-arm64-msvc'
      - '@statsig/client-core'
      - '@statsig/js-client'
      - '@yuuang/ffi-rs-win32-arm64-msvc'
      - ffi-rs
      - node-addon-api
      - node-pty
      - playwright-core
      - zod

  '@t3code/t3-win32-x64@0.0.46-nightly.20261007.2774':
    optional: true
    bundledDependencies:
      - '@bufbuild/protobuf'
      - '@connectrpc/connect'
      - '@connectrpc/connect-web'
      - '@cursor/sdk'
      - '@cursor/sdk-win32-x64'
      - '@ff-labs/fff-bin-win32-x64'
      - '@ff-labs/fff-node'
      - '@napi-rs/keyring'
      - '@napi-rs/keyring-win32-x64-msvc'
      - '@statsig/client-core'
      - '@statsig/js-client'
      - '@yuuang/ffi-rs-win32-ia32-msvc'
      - '@yuuang/ffi-rs-win32-x64-msvc'
      - ffi-rs
      - node-addon-api
      - node-pty
      - playwright-core
      - zod

  t3@0.0.46-nightly.20261007.2774:
    optionalDependencies:
      '@t3code/t3-darwin-arm64': 0.0.46-nightly.20261007.2774
      '@t3code/t3-linux-arm64': 0.0.46-nightly.20261007.2774
      '@t3code/t3-linux-x64': 0.0.46-nightly.20261007.2774
      '@t3code/t3-win32-arm64': 0.0.46-nightly.20261007.2774
      '@t3code/t3-win32-x64': 0.0.46-nightly.20261007.2774
