lockfileVersion: '9.0'

settings:
  autoInstallPeers: true
  excludeLinksFromLockfile: false

importers:

  .:
    dependencies:
      t3:
        specifier: nightly
        version: 0.0.46-nightly.20261008.2819

packages:

  '@t3code/t3-darwin-arm64@0.0.46-nightly.20261008.2819':
    resolution: {integrity: sha512-zbIy6DwbkTZCfE603EkWNc6Mtj4Qf3BpqpdvHg5lco7H4KXmPG27foHk1iGI+t9OXBgSDNcXdA2peK1o7WcFsg==}
    cpu: [arm64]
    os: [darwin]

  '@t3code/t3-linux-arm64@0.0.46-nightly.20261008.2819':
    resolution: {integrity: sha512-rfDEaVn53wpir5mSj+CDKJKH1ht9NGSbahjQJPGpf0P4fpd8s0GdfF6Olb6+6VCjT7XCB2TS4JNQGY9EvNJWjQ==}
    cpu: [arm64]
    os: [linux]

  '@t3code/t3-linux-x64@0.0.46-nightly.20261008.2819':
    resolution: {integrity: sha512-q39YO9ctU3aUq7gPL+p49HCSm8l3Z3IOHXTbL8b2a1wcQ4FFO+d0+hA6qZa+K0fckT28wOhPW8sz4uAHBLMcVw==}
    cpu: [x64]
    os: [linux]

  '@t3code/t3-win32-arm64@0.0.46-nightly.20261008.2819':
    resolution: {integrity: sha512-SF5DhdrjkOYhCPV2GdtAYDlacrdWeOWObpmqOXBpC563wUXUiVdGwcQesG3MivEBB9SKM+5yrlLkDST0FAjUNg==}
    cpu: [arm64]
    os: [win32]

  '@t3code/t3-win32-x64@0.0.46-nightly.20261008.2819':
    resolution: {integrity: sha512-jbAPkRz7+Hsx2CySJjhFFHHlsqHt59uLtVJuj2rov3Q4DqLQ9cEm6P3PKXaOzzpt9SYX6fszuC3TML2+lr0crw==}
    cpu: [x64]
    os: [win32]

  t3@0.0.46-nightly.20261008.2819:
    resolution: {integrity: sha512-G/SWd9+53MSMRkt+3H25REcz9g+tJ0CPndbSJ8L8DvNa/QL2NiNPBEMziZBMwoI8KqogTMlO1wEhiW1AFK4FEA==}
    hasBin: true

snapshots:

  '@t3code/t3-darwin-arm64@0.0.46-nightly.20261008.2819':
    optional: true
    bundledDependencies:
      - '@bufbuild/protobuf'
      - '@connectrpc/connect'
      - '@connectrpc/connect-web'
      - '@cursor/sdk'
      - '@cursor/sdk-darwin-arm64'
      - '@ff-labs/fff-bin-darwin-arm64'
      - '@ff-labs/fff-node'
      - '@napi-rs/keyring'
      - '@napi-rs/keyring-darwin-arm64'
      - '@statsig/client-core'
      - '@statsig/js-client'
      - '@yuuang/ffi-rs-darwin-arm64'
      - ffi-rs
      - node-addon-api
      - node-pty
      - playwright-core
      - zod

  '@t3code/t3-linux-arm64@0.0.46-nightly.20261008.2819':
    optional: true
    bundledDependencies:
      - '@bufbuild/protobuf'
      - '@connectrpc/connect'
      - '@connectrpc/connect-web'
      - '@cursor/sdk'
      - '@cursor/sdk-linux-arm64'
      - '@ff-labs/fff-bin-linux-arm64-gnu'
      - '@ff-labs/fff-bin-linux-arm64-musl'
      - '@ff-labs/fff-node'
      - '@napi-rs/keyring'
      - '@napi-rs/keyring-linux-arm64-gnu'
      - '@statsig/client-core'
      - '@statsig/js-client'
      - '@yuuang/ffi-rs-linux-arm64-gnu'
      - ffi-rs
      - node-addon-api
      - node-pty
      - playwright-core
      - zod

  '@t3code/t3-linux-x64@0.0.46-nightly.20261008.2819':
    optional: true
    bundledDependencies:
      - '@bufbuild/protobuf'
      - '@connectrpc/connect'
      - '@connectrpc/connect-web'
      - '@cursor/sdk'
      - '@cursor/sdk-linux-x64'
      - '@ff-labs/fff-bin-linux-x64-gnu'
      - '@ff-labs/fff-bin-linux-x64-musl'
      - '@ff-labs/fff-node'
      - '@napi-rs/keyring'
      - '@napi-rs/keyring-linux-x64-gnu'
      - '@statsig/client-core'
      - '@statsig/js-client'
      - '@yuuang/ffi-rs-linux-x64-gnu'
      - ffi-rs
      - node-addon-api
      - node-pty
      - playwright-core
      - zod

  '@t3code/t3-win32-arm64@0.0.46-nightly.20261008.2819':
    optional: true
    bundledDependencies:
      - '@bufbuild/protobuf'
      - '@connectrpc/connect'
      - '@connectrpc/connect-web'
      - '@cursor/sdk'
      - '@ff-labs/fff-bin-win32-arm64'
      - '@ff-labs/fff-node'
      - '@napi-rs/keyring'
      - '@napi-rs/keyring-win32-arm64-msvc'
      - '@statsig/client-core'
      - '@statsig/js-client'
      - '@yuuang/ffi-rs-win32-arm64-msvc'
      - ffi-rs
      - node-addon-api
      - node-pty
      - playwright-core
      - zod

  '@t3code/t3-win32-x64@0.0.46-nightly.20261008.2819':
    optional: true
    bundledDependencies:
      - '@bufbuild/protobuf'
      - '@connectrpc/connect'
      - '@connectrpc/connect-web'
      - '@cursor/sdk'
      - '@cursor/sdk-win32-x64'
      - '@ff-labs/fff-bin-win32-x64'
      - '@ff-labs/fff-node'
      - '@napi-rs/keyring'
      - '@napi-rs/keyring-win32-x64-msvc'
      - '@statsig/client-core'
      - '@statsig/js-client'
      - '@yuuang/ffi-rs-win32-ia32-msvc'
      - '@yuuang/ffi-rs-win32-x64-msvc'
      - ffi-rs
      - node-addon-api
      - node-pty
      - playwright-core
      - zod

  t3@0.0.46-nightly.20261008.2819:
    optionalDependencies:
      '@t3code/t3-darwin-arm64': 0.0.46-nightly.20261008.2819
      '@t3code/t3-linux-arm64': 0.0.46-nightly.20261008.2819
      '@t3code/t3-linux-x64': 0.0.46-nightly.20261008.2819
      '@t3code/t3-win32-arm64': 0.0.46-nightly.20261008.2819
      '@t3code/t3-win32-x64': 0.0.46-nightly.20261008.2819
